
Microsoft Visual Studio Solution File, Format Version 12.00
# Visual Studio 2013
VisualStudioVersion = 12.0.21005.1
MinimumVisualStudioVersion = 10.0.40219.1
Project("{FAE04EC0-301F-11D3-BF4B-00C04F79EFBC}") = "Pong", "Pong\Pong\Pong.csproj", "{3B3CFCA4-EB85-41D3-A692-455BDEACEC32}"
EndProject
Project("{96E2B04D-8817-42C6-938A-82C39BA4D311}") = "PongContent", "Pong\PongContent\PongContent.contentproj", "{7E197165-A34C-43F8-90DF-343125F02F87}"
EndProject
Global
	GlobalSection(SolutionConfigurationPlatforms) = preSolution
		Debug|x86 = Debug|x86
		Release|x86 = Release|x86
	EndGlobalSection
	GlobalSection(ProjectConfigurationPlatforms) = postSolution
		{3B3CFCA4-EB85-41D3-A692-455BDEACEC32}.Debug|x86.ActiveCfg = Debug|x86
		{3B3CFCA4-EB85-41D3-A692-455BDEACEC32}.Debug|x86.Build.0 = Debug|x86
		{3B3CFCA4-EB85-41D3-A692-455BDEACEC32}.Release|x86.ActiveCfg = Release|x86
		{3B3CFCA4-EB85-41D3-A692-455BDEACEC32}.Release|x86.Build.0 = Release|x86
		{7E197165-A34C-43F8-90DF-343125F02F87}.Debug|x86.ActiveCfg = Debug|x86
		{7E197165-A34C-43F8-90DF-343125F02F87}.Release|x86.ActiveCfg = Release|x86
	EndGlobalSection
	GlobalSection(SolutionProperties) = preSolution
		HideSolutionNode = FALSE
	EndGlobalSection
EndGlobal
